// !$*UTF8*$!
{
	archiveVersion = 1;
	classes = {
	};
	objectVersion = 50;
	objects = {

/* Begin PBXBuildFile section */
		8D1728222E6DB7E2A4B36356 /* Pods_GlendaleHackathon.framework in Frameworks */ = {isa = PBXBuildFile; fileRef = 59590C6406A3D0298E129B70 /* Pods_GlendaleHackathon.framework */; };
		E1A333B02155565100F0A639 /* AppDelegate.swift in Sources */ = {isa = PBXBuildFile; fileRef = E1A333AF2155565100F0A639 /* AppDelegate.swift */; };
		E1A333B52155565100F0A639 /* Main.storyboard in Resources */ = {isa = PBXBuildFile; fileRef = E1A333B32155565100F0A639 /* Main.storyboard */; };
		E1A333B72155565400F0A639 /* Assets.xcassets in Resources */ = {isa = PBXBuildFile; fileRef = E1A333B62155565400F0A639 /* Assets.xcassets */; };
		E1A333BA2155565400F0A639 /* LaunchScreen.storyboard in Resources */ = {isa = PBXBuildFile; fileRef = E1A333B82155565400F0A639 /* LaunchScreen.storyboard */; };
		E1A333C42155612400F0A639 /* GlendaleMainViewController.swift in Sources */ = {isa = PBXBuildFile; fileRef = E1A333C32155612400F0A639 /* GlendaleMainViewController.swift */; };
		E1A333C6215563E600F0A639 /* ContactUsViewController.swift in Sources */ = {isa = PBXBuildFile; fileRef = E1A333C5215563E600F0A639 /* ContactUsViewController.swift */; };
		E1A333C82155640500F0A639 /* EventsViewController.swift in Sources */ = {isa = PBXBuildFile; fileRef = E1A333C72155640500F0A639 /* EventsViewController.swift */; };
/* End PBXBuildFile section */

/* Begin PBXFileReference section */
		130C50D80DC37D0A4B2F6BFF /* Pods-GlendaleHackathon.release.xcconfig */ = {isa = PBXFileReference; includeInIndex = 1; lastKnownFileType = text.xcconfig; name = "Pods-GlendaleHackathon.release.xcconfig"; path = "Target Support Files/Pods-GlendaleHackathon/Pods-GlendaleHackathon.release.xcconfig"; sourceTree = "<group>"; };
		2E26DC17D6184C5EA2D3F31D /* Pods-GlendaleHackathon.debug.xcconfig */ = {isa = PBXFileReference; includeInIndex = 1; lastKnownFileType = text.xcconfig; name = "Pods-GlendaleHackathon.debug.xcconfig"; path = "Target Support Files/Pods-GlendaleHackathon/Pods-GlendaleHackathon.debug.xcconfig"; sourceTree = "<group>"; };
		59590C6406A3D0298E129B70 /* Pods_GlendaleHackathon.framework */ = {isa = PBXFileReference; explicitFileType = wrapper.framework; includeInIndex = 0; path = Pods_GlendaleHackathon.framework; sourceTree = BUILT_PRODUCTS_DIR; };
		E1A333AC2155565100F0A639 /* GlendaleHackathon.app */ = {isa = PBXFileReference; explicitFileType = wrapper.application; includeInIndex = 0; path = GlendaleHackathon.app; sourceTree = BUILT_PRODUCTS_DIR; };
		E1A333AF2155565100F0A639 /* AppDelegate.swift */ = {isa = PBXFileReference; lastKnownFileType = sourcecode.swift; path = AppDelegate.swift; sourceTree = "<group>"; };
		E1A333B42155565100F0A639 /* Base */ = {isa = PBXFileReference; lastKnownFileType = file.storyboard; name = Base; path = Base.lproj/Main.storyboard; sourceTree = "<group>"; };
		E1A333B62155565400F0A639 /* Assets.xcassets */ = {isa = PBXFileReference; lastKnownFileType = folder.assetcatalog; path = Assets.xcassets; sourceTree = "<group>"; };
		E1A333B92155565400F0A639 /* Base */ = {isa = PBXFileReference; lastKnownFileType = file.storyboard; name = Base; path = Base.lproj/LaunchScreen.storyboard; sourceTree = "<group>"; };
		E1A333BB2155565400F0A639 /* Info.plist */ = {isa = PBXFileReference; lastKnownFileType = text.plist.xml; path = Info.plist; sourceTree = "<group>"; };
		E1A333C32155612400F0A639 /* GlendaleMainViewController.swift */ = {isa = PBXFileReference; lastKnownFileType = sourcecode.swift; path = GlendaleMainViewController.swift; sourceTree = "<group>"; };
		E1A333C5215563E600F0A639 /* ContactUsViewController.swift */ = {isa = PBXFileReference; lastKnownFileType = sourcecode.swift; path = ContactUsViewController.swift; sourceTree = "<group>"; };
		E1A333C72155640500F0A639 /* EventsViewController.swift */ = {isa = PBXFileReference; lastKnownFileType = sourcecode.swift; path = EventsViewController.swift; sourceTree = "<group>"; };
/* End PBXFileReference section */

/* Begin PBXFrameworksBuildPhase section */
		E1A333A92155565100F0A639 /* Frameworks */ = {
			isa = PBXFrameworksBuildPhase;
			buildActionMask = 2147483647;
			files = (
				8D1728222E6DB7E2A4B36356 /* Pods_GlendaleHackathon.framework in Frameworks */,
			);
			runOnlyForDeploymentPostprocessing = 0;
		};
/* End PBXFrameworksBuildPhase section */

/* Begin PBXGroup section */
		161FB35BE735FB3778DD4A43 /* Pods */ = {
			isa = PBXGroup;
			children = (
				2E26DC17D6184C5EA2D3F31D /* Pods-GlendaleHackathon.debug.xcconfig */,
				130C50D80DC37D0A4B2F6BFF /* Pods-GlendaleHackathon.release.xcconfig */,
			);
			name = Pods;
			path = Pods;
			sourceTree = "<group>";
		};
		4A817BAA7838FE1F5AD83D34 /* Frameworks */ = {
			isa = PBXGroup;
			children = (
				59590C6406A3D0298E129B70 /* Pods_GlendaleHackathon.framework */,
			);
			name = Frameworks;
			sourceTree = "<group>";
		};
		E1A333A32155565100F0A639 = {
			isa = PBXGroup;
			children = (
				E1A333AE2155565100F0A639 /* GlendaleHackathon */,
				E1A333AD2155565100F0A639 /* Products */,
				161FB35BE735FB3778DD4A43 /* Pods */,
				4A817BAA7838FE1F5AD83D34 /* Frameworks */,
			);
			sourceTree = "<group>";
		};
		E1A333AD2155565100F0A639 /* Products */ = {
			isa = PBXGroup;
			children = (
				E1A333AC2155565100F0A639 /* GlendaleHackathon.app */,
			);
			name = Products;
			sourceTree = "<group>";
		};
		E1A333AE2155565100F0A639 /* GlendaleHackathon */ = {
			isa = PBXGroup;
			children = (
				E1A333C72155640500F0A639 /* EventsViewController.swift */,
				E1A333C5215563E600F0A639 /* ContactUsViewController.swift */,
				E1A333AF2155565100F0A639 /* AppDelegate.swift */,
				E1A333B32155565100F0A639 /* Main.storyboard */,
				E1A333C32155612400F0A639 /* GlendaleMainViewController.swift */,
				E1A333B62155565400F0A639 /* Assets.xcassets */,
				E1A333B82155565400F0A639 /* LaunchScreen.storyboard */,
				E1A333BB2155565400F0A639 /* Info.plist */,
			);
			path = GlendaleHackathon;
			sourceTree = "<group>";
		};
/* End PBXGroup section */

/* Begin PBXNativeTarget section */
		E1A333AB2155565100F0A639 /* GlendaleHackathon */ = {
			isa = PBXNativeTarget;
			buildConfigurationList = E1A333BE2155565400F0A639 /* Build configuration list for PBXNativeTarget "GlendaleHackathon" */;
			buildPhases = (
				5D6212169735A00F646FD015 /* [CP] Check Pods Manifest.lock */,
				E1A333A82155565100F0A639 /* Sources */,
				E1A333A92155565100F0A639 /* Frameworks */,
				E1A333AA2155565100F0A639 /* Resources */,
				07D834C872564819D775C2F0 /* [CP] Embed Pods Frameworks */,
			);
			buildRules = (
			);
			dependencies = (
			);
			name = GlendaleHackathon;
			productName = GlendaleHackathon;
			productReference = E1A333AC2155565100F0A639 /* GlendaleHackathon.app */;
			productType = "com.apple.product-type.application";
		};
/* End PBXNativeTarget section */

/* Begin PBXProject section */
		E1A333A42155565100F0A639 /* Project object */ = {
			isa = PBXProject;
			attributes = {
				LastSwiftUpdateCheck = 1000;
				LastUpgradeCheck = 1000;
				ORGANIZATIONNAME = "Craig Scott";
				TargetAttributes = {
					E1A333AB2155565100F0A639 = {
						CreatedOnToolsVersion = 10.0;
					};
				};
			};
			buildConfigurationList = E1A333A72155565100F0A639 /* Build configuration list for PBXProject "GlendaleHackathon" */;
			compatibilityVersion = "Xcode 9.3";
			developmentRegion = en;
			hasScannedForEncodings = 0;
			knownRegions = (
				en,
				Base,
			);
			mainGroup = E1A333A32155565100F0A639;
			productRefGroup = E1A333AD2155565100F0A639 /* Products */;
			projectDirPath = "";
			projectRoot = "";
			targets = (
				E1A333AB2155565100F0A639 /* GlendaleHackathon */,
			);
		};
/* End PBXProject section */

/* Begin PBXResourcesBuildPhase section */
		E1A333AA2155565100F0A639 /* Resources */ = {
			isa = PBXResourcesBuildPhase;
			buildActionMask = 2147483647;
			files = (
				E1A333BA2155565400F0A639 /* LaunchScreen.storyboard in Resources */,
				E1A333B72155565400F0A639 /* Assets.xcassets in Resources */,
				E1A333B52155565100F0A639 /* Main.storyboard in Resources */,
			);
			runOnlyForDeploymentPostprocessing = 0;
		};
/* End PBXResourcesBuildPhase section */

/* Begin PBXShellScriptBuildPhase section */
		07D834C872564819D775C2F0 /* [CP] Embed Pods Frameworks */ = {
			isa = PBXShellScriptBuildPhase;
			buildActionMask = 2147483647;
			files = (
			);
			inputFileListPaths = (
			);
			inputPaths = (
				"${PODS_ROOT}/Target Support Files/Pods-GlendaleHackathon/Pods-GlendaleHackathon-frameworks.sh",
				"${BUILT_PRODUCTS_DIR}/Alamofire/Alamofire.framework",
				"${BUILT_PRODUCTS_DIR}/SwiftyJSON/SwiftyJSON.framework",
			);
			name = "[CP] Embed Pods Frameworks";
			outputFileListPaths = (
			);
			outputPaths = (
				"${TARGET_BUILD_DIR}/${FRAMEWORKS_FOLDER_PATH}/Alamofire.framework",
				"${TARGET_BUILD_DIR}/${FRAMEWORKS_FOLDER_PATH}/SwiftyJSON.framework",
			);
			runOnlyForDeploymentPostprocessing = 0;
			shellPath = /bin/sh;
			shellScript = "\"${PODS_ROOT}/Target Support Files/Pods-GlendaleHackathon/Pods-GlendaleHackathon-frameworks.sh\"\n";
			showEnvVarsInLog = 0;
		};
		5D6212169735A00F646FD015 /* [CP] Check Pods Manifest.lock */ = {
			isa = PBXShellScriptBuildPhase;
			buildActionMask = 2147483647;
			files = (
			);
			inputFileListPaths = (
			);
			inputPaths = (
				"${PODS_PODFILE_DIR_PATH}/Podfile.lock",
				"${PODS_ROOT}/Manifest.lock",
			);
			name = "[CP] Check Pods Manifest.lock";
			outputFileListPaths = (
			);
			outputPaths = (
				"$(DERIVED_FILE_DIR)/Pods-GlendaleHackathon-checkManifestLockResult.txt",
			);
			runOnlyForDeploymentPostprocessing = 0;
			shellPath = /bin/sh;
			shellScript = "diff \"${PODS_PODFILE_DIR_PATH}/Podfile.lock\" \"${PODS_ROOT}/Manifest.lock\" > /dev/null\nif [ $? != 0 ] ; then\n    # print error to STDERR\n    echo \"error: The sandbox is not in sync with the Podfile.lock. Run 'pod install' or update your CocoaPods installation.\" >&2\n    exit 1\nfi\n# This output is used by Xcode 'outputs' to avoid re-running this script phase.\necho \"SUCCESS\" > \"${SCRIPT_OUTPUT_FILE_0}\"\n";
			showEnvVarsInLog = 0;
		};
/* End PBXShellScriptBuildPhase section */

/* Begin PBXSourcesBuildPhase section */
		E1A333A82155565100F0A639 /* Sources */ = {
			isa = PBXSourcesBuildPhase;
			buildActionMask = 2147483647;
			files = (
				E1A333B02155565100F0A639 /* AppDelegate.swift in Sources */,
				E1A333C82155640500F0A639 /* EventsViewController.swift in Sources */,
				E1A333C42155612400F0A639 /* GlendaleMainViewController.swift in Sources */,
				E1A333C6215563E600F0A639 /* ContactUsViewController.swift in Sources */,
			);
			runOnlyForDeploymentPostprocessing = 0;
		};
/* End PBXSourcesBuildPhase section */

/* Begin PBXVariantGroup section */
		E1A333B32155565100F0A639 /* Main.storyboard */ = {
			isa = PBXVariantGroup;
			children = (
				E1A333B42155565100F0A639 /* Base */,
			);
			name = Main.storyboard;
			sourceTree = "<group>";
		};
		E1A333B82155565400F0A639 /* LaunchScreen.storyboard */ = {
			isa = PBXVariantGroup;
			children = (
				E1A333B92155565400F0A639 /* Base */,
			);
			name = LaunchScreen.storyboard;
			sourceTree = "<group>";
		};
/* End PBXVariantGroup section */

/* Begin XCBuildConfiguration section */
		E1A333BC2155565400F0A639 /* Debug */ = {
			isa = XCBuildConfiguration;
			buildSettings = {
				ALWAYS_SEARCH_USER_PATHS = NO;
				CLANG_ANALYZER_NONNULL = YES;
				CLANG_ANALYZER_NUMBER_OBJECT_CONVERSION = YES_AGGRESSIVE;
				CLANG_CXX_LANGUAGE_STANDARD = "gnu++14";
				CLANG_CXX_LIBRARY = "libc++";
				CLANG_ENABLE_MODULES = YES;
				CLANG_ENABLE_OBJC_ARC = YES;
				CLANG_ENABLE_OBJC_WEAK = YES;
				CLANG_WARN_BLOCK_CAPTURE_AUTORELEASING = YES;
				CLANG_WARN_BOOL_CONVERSION = YES;
				CLANG_WARN_COMMA = YES;
				CLANG_WARN_CONSTANT_CONVERSION = YES;
				CLANG_WARN_DEPRECATED_OBJC_IMPLEMENTATIONS = YES;
				CLANG_WARN_DIRECT_OBJC_ISA_USAGE = YES_ERROR;
				CLANG_WARN_DOCUMENTATION_COMMENTS = YES;
				CLANG_WARN_EMPTY_BODY = YES;
				CLANG_WARN_ENUM_CONVERSION = YES;
				CLANG_WARN_INFINITE_RECURSION = YES;
				CLANG_WARN_INT_CONVERSION = YES;
				CLANG_WARN_NON_LITERAL_NULL_CONVERSION = YES;
				CLANG_WARN_OBJC_IMPLICIT_RETAIN_SELF = YES;
				CLANG_WARN_OBJC_LITERAL_CONVERSION = YES;
				CLANG_WARN_OBJC_ROOT_CLASS = YES_ERROR;
				CLANG_WARN_RANGE_LOOP_ANALYSIS = YES;
				CLANG_WARN_STRICT_PROTOTYPES = YES;
				CLANG_WARN_SUSPICIOUS_MOVE = YES;
				CLANG_WARN_UNGUARDED_AVAILABILITY = YES_AGGRESSIVE;
				CLANG_WARN_UNREACHABLE_CODE = YES;
				CLANG_WARN__DUPLICATE_METHOD_MATCH = YES;
				CODE_SIGN_IDENTITY = "iPhone Developer";
				COPY_PHASE_STRIP = NO;
				DEBUG_INFORMATION_FORMAT = dwarf;
				ENABLE_STRICT_OBJC_MSGSEND = YES;
				ENABLE_TESTABILITY = YES;
				GCC_C_LANGUAGE_STANDARD = gnu11;
				GCC_DYNAMIC_NO_PIC = NO;
				GCC_NO_COMMON_BLOCKS = YES;
				GCC_OPTIMIZATION_LEVEL = 0;
				GCC_PREPROCESSOR_DEFINITIONS = (
					"DEBUG=1",
					"$(inherited)",
				);
				GCC_WARN_64_TO_32_BIT_CONVERSION = YES;
				GCC_WARN_ABOUT_RETURN_TYPE = YES_ERROR;
				GCC_WARN_UNDECLARED_SELECTOR = YES;
				GCC_WARN_UNINITIALIZED_AUTOS = YES_AGGRESSIVE;
				GCC_WARN_UNUSED_FUNCTION = YES;
				GCC_WARN_UNUSED_VARIABLE = YES;
				IPHONEOS_DEPLOYMENT_TARGET = 12.0;
				MTL_ENABLE_DEBUG_INFO = INCLUDE_SOURCE;
				MTL_FAST_MATH = YES;
				ONLY_ACTIVE_ARCH = YES;
				SDKROOT = iphoneos;
				SWIFT_ACTIVE_COMPILATION_CONDITIONS = DEBUG;
				SWIFT_OPTIMIZATION_LEVEL = "-Onone";
			};
			name = Debug;
		};
		E1A333BD2155565400F0A639 /* Release */ = {
			isa = XCBuildConfiguration;
			buildSettings = {
				ALWAYS_SEARCH_USER_PATHS = NO;
				CLANG_ANALYZER_NONNULL = YES;
				CLANG_ANALYZER_NUMBER_OBJECT_CONVERSION = YES_AGGRESSIVE;
				CLANG_CXX_LANGUAGE_STANDARD = "gnu++14";
				CLANG_CXX_LIBRARY = "libc++";
				CLANG_ENABLE_MODULES = YES;
				CLANG_ENABLE_OBJC_ARC = YES;
				CLANG_ENABLE_OBJC_WEAK = YES;
				CLANG_WARN_BLOCK_CAPTURE_AUTORELEASING = YES;
				CLANG_WARN_BOOL_CONVERSION = YES;
				CLANG_WARN_COMMA = YES;
				CLANG_WARN_CONSTANT_CONVERSION = YES;
				CLANG_WARN_DEPRECATED_OBJC_IMPLEMENTATIONS = YES;
				CLANG_WARN_DIRECT_OBJC_ISA_USAGE = YES_ERROR;
				CLANG_WARN_DOCUMENTATION_COMMENTS = YES;
				CLANG_WARN_EMPTY_BODY = YES;
				CLANG_WARN_ENUM_CONVERSION = YES;
				CLANG_WARN_INFINITE_RECURSION = YES;
				CLANG_WARN_INT_CONVERSION = YES;
				CLANG_WARN_NON_LITERAL_NULL_CONVERSION = YES;
				CLANG_WARN_OBJC_IMPLICIT_RETAIN_SELF = YES;
				CLANG_WARN_OBJC_LITERAL_CONVERSION = YES;
				CLANG_WARN_OBJC_ROOT_CLASS = YES_ERROR;
				CLANG_WARN_RANGE_LOOP_ANALYSIS = YES;
				CLANG_WARN_STRICT_PROTOTYPES = YES;
				CLANG_WARN_SUSPICIOUS_MOVE = YES;
				CLANG_WARN_UNGUARDED_AVAILABILITY = YES_AGGRESSIVE;
				CLANG_WARN_UNREACHABLE_CODE = YES;
				CLANG_WARN__DUPLICATE_METHOD_MATCH = YES;
				CODE_SIGN_IDENTITY = "iPhone Developer";
				COPY_PHASE_STRIP = NO;
				DEBUG_INFORMATION_FORMAT = "dwarf-with-dsym";
				ENABLE_NS_ASSERTIONS = NO;
				ENABLE_STRICT_OBJC_MSGSEND = YES;
				GCC_C_LANGUAGE_STANDARD = gnu11;
				GCC_NO_COMMON_BLOCKS = YES;
				GCC_WARN_64_TO_32_BIT_CONVERSION = YES;
				GCC_WARN_ABOUT_RETURN_TYPE = YES_ERROR;
				GCC_WARN_UNDECLARED_SELECTOR = YES;
				GCC_WARN_UNINITIALIZED_AUTOS = YES_AGGRESSIVE;
				GCC_WARN_UNUSED_FUNCTION = YES;
				GCC_WARN_UNUSED_VARIABLE = YES;
				IPHONEOS_DEPLOYMENT_TARGET = 12.0;
				MTL_ENABLE_DEBUG_INFO = NO;
				MTL_FAST_MATH = YES;
				SDKROOT = iphoneos;
				SWIFT_COMPILATION_MODE = wholemodule;
				SWIFT_OPTIMIZATION_LEVEL = "-O";
				VALIDATE_PRODUCT = YES;
			};
			name = Release;
		};
		E1A333BF2155565400F0A639 /* Debug */ = {
			isa = XCBuildConfiguration;
			baseConfigurationReference = 2E26DC17D6184C5EA2D3F31D /* Pods-GlendaleHackathon.debug.xcconfig */;
			buildSettings = {
				ASSETCATALOG_COMPILER_APPICON_NAME = AppIcon;
				CODE_SIGN_STYLE = Automatic;
				DEVELOPMENT_TEAM = 54CWFH9J2G;
				INFOPLIST_FILE = GlendaleHackathon/Info.plist;
				IPHONEOS_DEPLOYMENT_TARGET = 11.4;
				LD_RUNPATH_SEARCH_PATHS = (
					"$(inherited)",
					"@executable_path/Frameworks",
				);
				PRODUCT_BUNDLE_IDENTIFIER = CraigScottDev.GlendaleHackathon;
				PRODUCT_NAME = "$(TARGET_NAME)";
				SWIFT_VERSION = 4.2;
				TARGETED_DEVICE_FAMILY = "1,2";
			};
			name = Debug;
		};
		E1A333C02155565400F0A639 /* Release */ = {
			isa = XCBuildConfiguration;
			baseConfigurationReference = 130C50D80DC37D0A4B2F6BFF /* Pods-GlendaleHackathon.release.xcconfig */;
			buildSettings = {
				ASSETCATALOG_COMPILER_APPICON_NAME = AppIcon;
				CODE_SIGN_STYLE = Automatic;
				DEVELOPMENT_TEAM = 54CWFH9J2G;
				INFOPLIST_FILE = GlendaleHackathon/Info.plist;
				IPHONEOS_DEPLOYMENT_TARGET = 11.4;
				LD_RUNPATH_SEARCH_PATHS = (
					"$(inherited)",
					"@executable_path/Frameworks",
				);
				PRODUCT_BUNDLE_IDENTIFIER = CraigScottDev.GlendaleHackathon;
				PRODUCT_NAME = "$(TARGET_NAME)";
				SWIFT_VERSION = 4.2;
				TARGETED_DEVICE_FAMILY = "1,2";
			};
			name = Release;
		};
/* End XCBuildConfiguration section */

/* Begin XCConfigurationList section */
		E1A333A72155565100F0A639 /* Build configuration list for PBXProject "GlendaleHackathon" */ = {
			isa = XCConfigurationList;
			buildConfigurations = (
				E1A333BC2155565400F0A639 /* Debug */,
				E1A333BD2155565400F0A639 /* Release */,
			);
			defaultConfigurationIsVisible = 0;
			defaultConfigurationName = Release;
		};
		E1A333BE2155565400F0A639 /* Build configuration list for PBXNativeTarget "GlendaleHackathon" */ = {
			isa = XCConfigurationList;
			buildConfigurations = (
				E1A333BF2155565400F0A639 /* Debug */,
				E1A333C02155565400F0A639 /* Release */,
			);
			defaultConfigurationIsVisible = 0;
			defaultConfigurationName = Release;
		};
/* End XCConfigurationList section */
	};
	rootObject = E1A333A42155565100F0A639 /* Project object */;
}
